
Microsoft Visual Studio Solution File, Format Version 12.00
# Visual Studio 14
VisualStudioVersion = 14.0.24720.0
MinimumVisualStudioVersion = 10.0.40219.1
Project("{8BC9CEB8-8B4A-11D0-8D11-00A0C91BC942}") = "libfaad2", "libfaad\libfaad2.vcxproj", "{482DA264-EE88-4575-B208-87C4CB80CD08}"
EndProject
Project("{8BC9CEB8-8B4A-11D0-8D11-00A0C91BC942}") = "FileCutter", "FileCutter\FileCutter.vcxproj", "{62A88502-50BC-4045-A184-13C08DCC00E5}"
EndProject
Project("{8BC9CEB8-8B4A-11D0-8D11-00A0C91BC942}") = "Amatsukaze", "Amatsukaze\Amatsukaze.vcxproj", "{4E733A88-E41A-4370-B25F-1626A5F439F1}"
EndProject
Project("{FAE04EC0-301F-11D3-BF4B-00C04F79EFBC}") = "AmatsukazeServer", "AmatsukazeServer\AmatsukazeServer.csproj", "{3722017C-1CD2-4D47-A065-29DA38DA6718}"
EndProject
Project("{8BC9CEB8-8B4A-11D0-8D11-00A0C91BC942}") = "AmatsukazeUnitTest", "AmatsukazeUnitTest\AmatsukazeUnitTest.vcxproj", "{8C95EAD9-DE23-4DA4-8FEE-0D0B6E289055}"
EndProject
Global
	GlobalSection(SolutionConfigurationPlatforms) = preSolution
		Debug|Any CPU = Debug|Any CPU
		Debug|Mixed Platforms = Debug|Mixed Platforms
		Debug|x64 = Debug|x64
		Debug|x86 = Debug|x86
		Release|Any CPU = Release|Any CPU
		Release|Mixed Platforms = Release|Mixed Platforms
		Release|x64 = Release|x64
		Release|x86 = Release|x86
	EndGlobalSection
	GlobalSection(ProjectConfigurationPlatforms) = postSolution
		{482DA264-EE88-4575-B208-87C4CB80CD08}.Debug|Any CPU.ActiveCfg = Debug|Win32
		{482DA264-EE88-4575-B208-87C4CB80CD08}.Debug|Mixed Platforms.ActiveCfg = Debug|Win32
		{482DA264-EE88-4575-B208-87C4CB80CD08}.Debug|Mixed Platforms.Build.0 = Debug|Win32
		{482DA264-EE88-4575-B208-87C4CB80CD08}.Debug|x64.ActiveCfg = Debug|x64
		{482DA264-EE88-4575-B208-87C4CB80CD08}.Debug|x64.Build.0 = Debug|x64
		{482DA264-EE88-4575-B208-87C4CB80CD08}.Debug|x86.ActiveCfg = Debug|Win32
		{482DA264-EE88-4575-B208-87C4CB80CD08}.Debug|x86.Build.0 = Debug|Win32
		{482DA264-EE88-4575-B208-87C4CB80CD08}.Release|Any CPU.ActiveCfg = Release|Win32
		{482DA264-EE88-4575-B208-87C4CB80CD08}.Release|Mixed Platforms.ActiveCfg = Release|Win32
		{482DA264-EE88-4575-B208-87C4CB80CD08}.Release|Mixed Platforms.Build.0 = Release|Win32
		{482DA264-EE88-4575-B208-87C4CB80CD08}.Release|x64.ActiveCfg = Release|x64
		{482DA264-EE88-4575-B208-87C4CB80CD08}.Release|x64.Build.0 = Release|x64
		{482DA264-EE88-4575-B208-87C4CB80CD08}.Release|x86.ActiveCfg = Release|Win32
		{482DA264-EE88-4575-B208-87C4CB80CD08}.Release|x86.Build.0 = Release|Win32
		{62A88502-50BC-4045-A184-13C08DCC00E5}.Debug|Any CPU.ActiveCfg = Debug|Win32
		{62A88502-50BC-4045-A184-13C08DCC00E5}.Debug|Mixed Platforms.ActiveCfg = Debug|Win32
		{62A88502-50BC-4045-A184-13C08DCC00E5}.Debug|Mixed Platforms.Build.0 = Debug|Win32
		{62A88502-50BC-4045-A184-13C08DCC00E5}.Debug|x64.ActiveCfg = Debug|x64
		{62A88502-50BC-4045-A184-13C08DCC00E5}.Debug|x64.Build.0 = Debug|x64
		{62A88502-50BC-4045-A184-13C08DCC00E5}.Debug|x86.ActiveCfg = Debug|Win32
		{62A88502-50BC-4045-A184-13C08DCC00E5}.Debug|x86.Build.0 = Debug|Win32
		{62A88502-50BC-4045-A184-13C08DCC00E5}.Release|Any CPU.ActiveCfg = Release|Win32
		{62A88502-50BC-4045-A184-13C08DCC00E5}.Release|Mixed Platforms.ActiveCfg = Release|Win32
		{62A88502-50BC-4045-A184-13C08DCC00E5}.Release|Mixed Platforms.Build.0 = Release|Win32
		{62A88502-50BC-4045-A184-13C08DCC00E5}.Release|x64.ActiveCfg = Release|x64
		{62A88502-50BC-4045-A184-13C08DCC00E5}.Release|x64.Build.0 = Release|x64
		{62A88502-50BC-4045-A184-13C08DCC00E5}.Release|x86.ActiveCfg = Release|Win32
		{62A88502-50BC-4045-A184-13C08DCC00E5}.Release|x86.Build.0 = Release|Win32
		{4E733A88-E41A-4370-B25F-1626A5F439F1}.Debug|Any CPU.ActiveCfg = Debug|Win32
		{4E733A88-E41A-4370-B25F-1626A5F439F1}.Debug|Mixed Platforms.ActiveCfg = Debug|Win32
		{4E733A88-E41A-4370-B25F-1626A5F439F1}.Debug|Mixed Platforms.Build.0 = Debug|Win32
		{4E733A88-E41A-4370-B25F-1626A5F439F1}.Debug|x64.ActiveCfg = Debug|x64
		{4E733A88-E41A-4370-B25F-1626A5F439F1}.Debug|x64.Build.0 = Debug|x64
		{4E733A88-E41A-4370-B25F-1626A5F439F1}.Debug|x86.ActiveCfg = Debug|Win32
		{4E733A88-E41A-4370-B25F-1626A5F439F1}.Debug|x86.Build.0 = Debug|Win32
		{4E733A88-E41A-4370-B25F-1626A5F439F1}.Release|Any CPU.ActiveCfg = Release|Win32
		{4E733A88-E41A-4370-B25F-1626A5F439F1}.Release|Mixed Platforms.ActiveCfg = Release|Win32
		{4E733A88-E41A-4370-B25F-1626A5F439F1}.Release|Mixed Platforms.Build.0 = Release|Win32
		{4E733A88-E41A-4370-B25F-1626A5F439F1}.Release|x64.ActiveCfg = Release|x64
		{4E733A88-E41A-4370-B25F-1626A5F439F1}.Release|x64.Build.0 = Release|x64
		{4E733A88-E41A-4370-B25F-1626A5F439F1}.Release|x86.ActiveCfg = Release|Win32
		{4E733A88-E41A-4370-B25F-1626A5F439F1}.Release|x86.Build.0 = Release|Win32
		{3722017C-1CD2-4D47-A065-29DA38DA6718}.Debug|Any CPU.ActiveCfg = Debug|Any CPU
		{3722017C-1CD2-4D47-A065-29DA38DA6718}.Debug|Any CPU.Build.0 = Debug|Any CPU
		{3722017C-1CD2-4D47-A065-29DA38DA6718}.Debug|Mixed Platforms.ActiveCfg = Debug|Any CPU
		{3722017C-1CD2-4D47-A065-29DA38DA6718}.Debug|Mixed Platforms.Build.0 = Debug|Any CPU
		{3722017C-1CD2-4D47-A065-29DA38DA6718}.Debug|x64.ActiveCfg = Debug|Any CPU
		{3722017C-1CD2-4D47-A065-29DA38DA6718}.Debug|x64.Build.0 = Debug|Any CPU
		{3722017C-1CD2-4D47-A065-29DA38DA6718}.Debug|x86.ActiveCfg = Debug|Any CPU
		{3722017C-1CD2-4D47-A065-29DA38DA6718}.Debug|x86.Build.0 = Debug|Any CPU
		{3722017C-1CD2-4D47-A065-29DA38DA6718}.Release|Any CPU.ActiveCfg = Release|Any CPU
		{3722017C-1CD2-4D47-A065-29DA38DA6718}.Release|Any CPU.Build.0 = Release|Any CPU
		{3722017C-1CD2-4D47-A065-29DA38DA6718}.Release|Mixed Platforms.ActiveCfg = Release|Any CPU
		{3722017C-1CD2-4D47-A065-29DA38DA6718}.Release|Mixed Platforms.Build.0 = Release|Any CPU
		{3722017C-1CD2-4D47-A065-29DA38DA6718}.Release|x64.ActiveCfg = Release|Any CPU
		{3722017C-1CD2-4D47-A065-29DA38DA6718}.Release|x64.Build.0 = Release|Any CPU
		{3722017C-1CD2-4D47-A065-29DA38DA6718}.Release|x86.ActiveCfg = Release|Any CPU
		{3722017C-1CD2-4D47-A065-29DA38DA6718}.Release|x86.Build.0 = Release|Any CPU
		{8C95EAD9-DE23-4DA4-8FEE-0D0B6E289055}.Debug|Any CPU.ActiveCfg = Debug|Win32
		{8C95EAD9-DE23-4DA4-8FEE-0D0B6E289055}.Debug|Mixed Platforms.ActiveCfg = Debug|Win32
		{8C95EAD9-DE23-4DA4-8FEE-0D0B6E289055}.Debug|Mixed Platforms.Build.0 = Debug|Win32
		{8C95EAD9-DE23-4DA4-8FEE-0D0B6E289055}.Debug|x64.ActiveCfg = Debug|x64
		{8C95EAD9-DE23-4DA4-8FEE-0D0B6E289055}.Debug|x64.Build.0 = Debug|x64
		{8C95EAD9-DE23-4DA4-8FEE-0D0B6E289055}.Debug|x86.ActiveCfg = Debug|Win32
		{8C95EAD9-DE23-4DA4-8FEE-0D0B6E289055}.Debug|x86.Build.0 = Debug|Win32
		{8C95EAD9-DE23-4DA4-8FEE-0D0B6E289055}.Release|Any CPU.ActiveCfg = Release|Win32
		{8C95EAD9-DE23-4DA4-8FEE-0D0B6E289055}.Release|Mixed Platforms.ActiveCfg = Release|Win32
		{8C95EAD9-DE23-4DA4-8FEE-0D0B6E289055}.Release|Mixed Platforms.Build.0 = Release|Win32
		{8C95EAD9-DE23-4DA4-8FEE-0D0B6E289055}.Release|x64.ActiveCfg = Release|x64
		{8C95EAD9-DE23-4DA4-8FEE-0D0B6E289055}.Release|x64.Build.0 = Release|x64
		{8C95EAD9-DE23-4DA4-8FEE-0D0B6E289055}.Release|x86.ActiveCfg = Release|Win32
		{8C95EAD9-DE23-4DA4-8FEE-0D0B6E289055}.Release|x86.Build.0 = Release|Win32
	EndGlobalSection
	GlobalSection(SolutionProperties) = preSolution
		HideSolutionNode = FALSE
	EndGlobalSection
EndGlobal
