
Microsoft Visual Studio Solution File, Format Version 12.00
# Visual Studio 14
VisualStudioVersion = 14.0.25420.1
MinimumVisualStudioVersion = 10.0.40219.1
Project("{8BC9CEB8-8B4A-11D0-8D11-00A0C91BC942}") = "FileCutter", "FileCutter\FileCutter.vcxproj", "{62A88502-50BC-4045-A184-13C08DCC00E5}"
EndProject
Project("{8BC9CEB8-8B4A-11D0-8D11-00A0C91BC942}") = "Amatsukaze", "Amatsukaze\Amatsukaze.vcxproj", "{4E733A88-E41A-4370-B25F-1626A5F439F1}"
	ProjectSection(ProjectDependencies) = postProject
		{482DA264-EE88-4575-B208-87C4CB80CD08} = {482DA264-EE88-4575-B208-87C4CB80CD08}
	EndProjectSection
EndProject
Project("{8BC9CEB8-8B4A-11D0-8D11-00A0C91BC942}") = "AmatsukazeUnitTest", "AmatsukazeUnitTest\AmatsukazeUnitTest.vcxproj", "{8C95EAD9-DE23-4DA4-8FEE-0D0B6E289055}"
EndProject
Project("{FAE04EC0-301F-11D3-BF4B-00C04F79EFBC}") = "AmatsukazeGUI", "AmatsukazeGUI\AmatsukazeGUI.csproj", "{B54EA021-05BC-4CAF-87A5-74081B0ED1CB}"
EndProject
Project("{8BC9CEB8-8B4A-11D0-8D11-00A0C91BC942}") = "AmatsukazeCLI", "AmatsukazeCLI\AmatsukazeCLI.vcxproj", "{CC117231-C6D9-434F-B5AA-5C8A4FCE6F9E}"
EndProject
Project("{8BC9CEB8-8B4A-11D0-8D11-00A0C91BC942}") = "libfaad2", "libfaad\libfaad2.vcxproj", "{482DA264-EE88-4575-B208-87C4CB80CD08}"
EndProject
Project("{8BC9CEB8-8B4A-11D0-8D11-00A0C91BC942}") = "Caption", "TVCaptionMod2\Caption_src\Caption.vcxproj", "{60BC8339-018F-4AF1-A09C-EDAF70A007B7}"
EndProject
Project("{8BC9CEB8-8B4A-11D0-8D11-00A0C91BC942}") = "BatchHashChecker", "BatchHashChecker\BatchHashChecker.vcxproj", "{04FF3B58-FB29-40C0-8BB7-706B396BC767}"
EndProject
Project("{FAE04EC0-301F-11D3-BF4B-00C04F79EFBC}") = "NicoJK18Client", "NicoJK18Client\NicoJK18Client.csproj", "{5A1E4CA1-C310-4E2C-AD88-100E7249396C}"
EndProject
Project("{FAE04EC0-301F-11D3-BF4B-00C04F79EFBC}") = "AmatsukazeServer", "AmatsukazeServer\AmatsukazeServer.csproj", "{5BAC25F7-EAD0-4B4C-84A7-6EDC9C4C8CD6}"
EndProject
Project("{FAE04EC0-301F-11D3-BF4B-00C04F79EFBC}") = "AmatsukazeAddTask", "AmatsukazeAddTask\AmatsukazeAddTask.csproj", "{FB72ECC9-FB61-420F-855B-33ABD6FD5F55}"
EndProject
Project("{FAE04EC0-301F-11D3-BF4B-00C04F79EFBC}") = "AmatsukazeServerCLI", "AmatsukazeServerCLI\AmatsukazeServerCLI.csproj", "{FAD8DF1F-1522-4E8E-8D9D-AF087051B751}"
EndProject
Global
	GlobalSection(SolutionConfigurationPlatforms) = preSolution
		Debug|x64 = Debug|x64
		Release|x64 = Release|x64
	EndGlobalSection
	GlobalSection(ProjectConfigurationPlatforms) = postSolution
		{62A88502-50BC-4045-A184-13C08DCC00E5}.Debug|x64.ActiveCfg = Debug|x64
		{62A88502-50BC-4045-A184-13C08DCC00E5}.Debug|x64.Build.0 = Debug|x64
		{62A88502-50BC-4045-A184-13C08DCC00E5}.Release|x64.ActiveCfg = Release|x64
		{62A88502-50BC-4045-A184-13C08DCC00E5}.Release|x64.Build.0 = Release|x64
		{4E733A88-E41A-4370-B25F-1626A5F439F1}.Debug|x64.ActiveCfg = Debug|x64
		{4E733A88-E41A-4370-B25F-1626A5F439F1}.Debug|x64.Build.0 = Debug|x64
		{4E733A88-E41A-4370-B25F-1626A5F439F1}.Release|x64.ActiveCfg = Release|x64
		{4E733A88-E41A-4370-B25F-1626A5F439F1}.Release|x64.Build.0 = Release|x64
		{8C95EAD9-DE23-4DA4-8FEE-0D0B6E289055}.Debug|x64.ActiveCfg = Debug|x64
		{8C95EAD9-DE23-4DA4-8FEE-0D0B6E289055}.Debug|x64.Build.0 = Debug|x64
		{8C95EAD9-DE23-4DA4-8FEE-0D0B6E289055}.Release|x64.ActiveCfg = Release|x64
		{8C95EAD9-DE23-4DA4-8FEE-0D0B6E289055}.Release|x64.Build.0 = Release|x64
		{B54EA021-05BC-4CAF-87A5-74081B0ED1CB}.Debug|x64.ActiveCfg = Debug|x64
		{B54EA021-05BC-4CAF-87A5-74081B0ED1CB}.Debug|x64.Build.0 = Debug|x64
		{B54EA021-05BC-4CAF-87A5-74081B0ED1CB}.Release|x64.ActiveCfg = Release|x64
		{B54EA021-05BC-4CAF-87A5-74081B0ED1CB}.Release|x64.Build.0 = Release|x64
		{CC117231-C6D9-434F-B5AA-5C8A4FCE6F9E}.Debug|x64.ActiveCfg = Debug|x64
		{CC117231-C6D9-434F-B5AA-5C8A4FCE6F9E}.Debug|x64.Build.0 = Debug|x64
		{CC117231-C6D9-434F-B5AA-5C8A4FCE6F9E}.Release|x64.ActiveCfg = Release|x64
		{CC117231-C6D9-434F-B5AA-5C8A4FCE6F9E}.Release|x64.Build.0 = Release|x64
		{482DA264-EE88-4575-B208-87C4CB80CD08}.Debug|x64.ActiveCfg = Debug|x64
		{482DA264-EE88-4575-B208-87C4CB80CD08}.Debug|x64.Build.0 = Debug|x64
		{482DA264-EE88-4575-B208-87C4CB80CD08}.Release|x64.ActiveCfg = Release|x64
		{482DA264-EE88-4575-B208-87C4CB80CD08}.Release|x64.Build.0 = Release|x64
		{60BC8339-018F-4AF1-A09C-EDAF70A007B7}.Debug|x64.ActiveCfg = Debug|x64
		{60BC8339-018F-4AF1-A09C-EDAF70A007B7}.Debug|x64.Build.0 = Debug|x64
		{60BC8339-018F-4AF1-A09C-EDAF70A007B7}.Release|x64.ActiveCfg = Release|x64
		{60BC8339-018F-4AF1-A09C-EDAF70A007B7}.Release|x64.Build.0 = Release|x64
		{04FF3B58-FB29-40C0-8BB7-706B396BC767}.Debug|x64.ActiveCfg = Debug|x64
		{04FF3B58-FB29-40C0-8BB7-706B396BC767}.Debug|x64.Build.0 = Debug|x64
		{04FF3B58-FB29-40C0-8BB7-706B396BC767}.Release|x64.ActiveCfg = Release|x64
		{04FF3B58-FB29-40C0-8BB7-706B396BC767}.Release|x64.Build.0 = Release|x64
		{5A1E4CA1-C310-4E2C-AD88-100E7249396C}.Debug|x64.ActiveCfg = Debug|x64
		{5A1E4CA1-C310-4E2C-AD88-100E7249396C}.Debug|x64.Build.0 = Debug|x64
		{5A1E4CA1-C310-4E2C-AD88-100E7249396C}.Release|x64.ActiveCfg = Release|x64
		{5A1E4CA1-C310-4E2C-AD88-100E7249396C}.Release|x64.Build.0 = Release|x64
		{5BAC25F7-EAD0-4B4C-84A7-6EDC9C4C8CD6}.Debug|x64.ActiveCfg = Debug|x64
		{5BAC25F7-EAD0-4B4C-84A7-6EDC9C4C8CD6}.Debug|x64.Build.0 = Debug|x64
		{5BAC25F7-EAD0-4B4C-84A7-6EDC9C4C8CD6}.Release|x64.ActiveCfg = Release|x64
		{5BAC25F7-EAD0-4B4C-84A7-6EDC9C4C8CD6}.Release|x64.Build.0 = Release|x64
		{FB72ECC9-FB61-420F-855B-33ABD6FD5F55}.Debug|x64.ActiveCfg = Debug|x64
		{FB72ECC9-FB61-420F-855B-33ABD6FD5F55}.Debug|x64.Build.0 = Debug|x64
		{FB72ECC9-FB61-420F-855B-33ABD6FD5F55}.Release|x64.ActiveCfg = Release|x64
		{FB72ECC9-FB61-420F-855B-33ABD6FD5F55}.Release|x64.Build.0 = Release|x64
		{FAD8DF1F-1522-4E8E-8D9D-AF087051B751}.Debug|x64.ActiveCfg = Debug|x64
		{FAD8DF1F-1522-4E8E-8D9D-AF087051B751}.Debug|x64.Build.0 = Debug|x64
		{FAD8DF1F-1522-4E8E-8D9D-AF087051B751}.Release|x64.ActiveCfg = Release|x64
		{FAD8DF1F-1522-4E8E-8D9D-AF087051B751}.Release|x64.Build.0 = Release|x64
	EndGlobalSection
	GlobalSection(SolutionProperties) = preSolution
		HideSolutionNode = FALSE
	EndGlobalSection
	GlobalSection(ExtensibilityGlobals) = postSolution
		SolutionGuid = {C411178B-60FE-469E-A0D3-6FC620B15DD6}
	EndGlobalSection
EndGlobal
